{
  "name": "Reactivities",
  "lockfileVersion": 2,
  "requires": true,
  "packages": {
    "": {
      "devDependencies": {
        "@types/yup": "^0.29.13"
      }
    },
    "node_modules/@types/yup": {
      "version": "0.29.13",
      "resolved": "https://registry.npmjs.org/@types/yup/-/yup-0.29.13.tgz",
      "integrity": "sha512-qRyuv+P/1t1JK1rA+elmK1MmCL1BapEzKKfbEhDBV/LMMse4lmhZ/XbgETI39JveDJRpLjmToOI6uFtMW/WR2g==",
      "dev": true
    }
  },
  "dependencies": {
    "@types/yup": {
      "version": "0.29.13",
      "resolved": "https://registry.npmjs.org/@types/yup/-/yup-0.29.13.tgz",
      "integrity": "sha512-qRyuv+P/1t1JK1rA+elmK1MmCL1BapEzKKfbEhDBV/LMMse4lmhZ/XbgETI39JveDJRpLjmToOI6uFtMW/WR2g==",
      "dev": true
    }
  }
}
